
Microsoft Visual Studio Solution File, Format Version 12.00
# Visual Studio Version 16
VisualStudioVersion = 16.0.30104.148
MinimumVisualStudioVersion = 10.0.40219.1
Project("{2150E333-8FDC-42A3-9474-1A3956D46DE8}") = "Services", "Services", "{FE151553-12D6-4224-BB1F-C337D023C8ED}"
EndProject
Project("{2150E333-8FDC-42A3-9474-1A3956D46DE8}") = "Catalog", "Catalog", "{5EA80934-7578-4537-9A74-49D77EBF7706}"
EndProject
Project("{FAE04EC0-301F-11D3-BF4B-00C04F79EFBC}") = "Catalog.API", "Services\Catalog\Catalog.API\Catalog.API.csproj", "{F8FFB9CC-EF95-40C8-896B-4759CC9AC484}"
EndProject
Global
	GlobalSection(SolutionConfigurationPlatforms) = preSolution
		Debug|Any CPU = Debug|Any CPU
		Release|Any CPU = Release|Any CPU
	EndGlobalSection
	GlobalSection(ProjectConfigurationPlatforms) = postSolution
		{F8FFB9CC-EF95-40C8-896B-4759CC9AC484}.Debug|Any CPU.ActiveCfg = Debug|Any CPU
		{F8FFB9CC-EF95-40C8-896B-4759CC9AC484}.Debug|Any CPU.Build.0 = Debug|Any CPU
		{F8FFB9CC-EF95-40C8-896B-4759CC9AC484}.Release|Any CPU.ActiveCfg = Release|Any CPU
		{F8FFB9CC-EF95-40C8-896B-4759CC9AC484}.Release|Any CPU.Build.0 = Release|Any CPU
	EndGlobalSection
	GlobalSection(SolutionProperties) = preSolution
		HideSolutionNode = FALSE
	EndGlobalSection
	GlobalSection(NestedProjects) = preSolution
		{5EA80934-7578-4537-9A74-49D77EBF7706} = {FE151553-12D6-4224-BB1F-C337D023C8ED}
		{F8FFB9CC-EF95-40C8-896B-4759CC9AC484} = {5EA80934-7578-4537-9A74-49D77EBF7706}
	EndGlobalSection
	GlobalSection(ExtensibilityGlobals) = postSolution
		SolutionGuid = {491D12D9-3DFD-47B4-A39B-809071C958AB}
	EndGlobalSection
EndGlobal
